
Microsoft Visual Studio Solution File, Format Version 12.00
# Visual Studio 2013
VisualStudioVersion = 12.0.21005.1
MinimumVisualStudioVersion = 10.0.40219.1
Project("{2150E333-8FDC-42A3-9474-1A3956D46DE8}") = "Solution Items", "Solution Items", "{27640B2E-76E9-4A10-8230-6972714AF0EF}"
	ProjectSection(SolutionItems) = preProject
		LocalTestRun.testrunconfig = LocalTestRun.testrunconfig
		SimpleAssemblyExplorer.vsmdi = SimpleAssemblyExplorer.vsmdi
	EndProjectSection
EndProject
Project("{FAE04EC0-301F-11D3-BF4B-00C04F79EFBC}") = "SimpleAssemblyExplorer", "SimpleAssemblyExplorer\SimpleAssemblyExplorer.csproj", "{7C021FD2-B285-4BC2-8639-8F73ACEABC99}"
	ProjectSection(ProjectDependencies) = postProject
		{984CC812-9470-4A13-AFF9-CC44068D666C} = {984CC812-9470-4A13-AFF9-CC44068D666C}
		{3B2A5653-EC97-4001-BB9B-D90F1AF2C371} = {3B2A5653-EC97-4001-BB9B-D90F1AF2C371}
		{6B99EC5D-04B2-4586-943E-A00B8C5717F9} = {6B99EC5D-04B2-4586-943E-A00B8C5717F9}
		{53DCA265-3C3C-42F9-B647-F72BA678122B} = {53DCA265-3C3C-42F9-B647-F72BA678122B}
		{7B82B671-419F-45F4-B778-D9286F996EFA} = {7B82B671-419F-45F4-B778-D9286F996EFA}
	EndProjectSection
EndProject
Project("{FAE04EC0-301F-11D3-BF4B-00C04F79EFBC}") = "SimpleAssemblyExplorer.Plugin", "SimpleAssemblyExplorer.Plugin\SimpleAssemblyExplorer.Plugin.csproj", "{E6859AF5-5EB4-409E-9DBB-5B96F407B3A4}"
EndProject
Project("{FAE04EC0-301F-11D3-BF4B-00C04F79EFBC}") = "SAE.ILMerge", "SAE.ILMerge\SAE.ILMerge.csproj", "{2ED84CD7-F858-4641-B0D2-9FD955DB0C64}"
	ProjectSection(ProjectDependencies) = postProject
		{7C021FD2-B285-4BC2-8639-8F73ACEABC99} = {7C021FD2-B285-4BC2-8639-8F73ACEABC99}
	EndProjectSection
EndProject
Project("{FAE04EC0-301F-11D3-BF4B-00C04F79EFBC}") = "SAE.PluginSample", "SAE.PluginSample\SAE.PluginSample.csproj", "{9F799B9E-3709-419E-9241-9A7922A7EA5D}"
	ProjectSection(ProjectDependencies) = postProject
		{7C021FD2-B285-4BC2-8639-8F73ACEABC99} = {7C021FD2-B285-4BC2-8639-8F73ACEABC99}
	EndProjectSection
EndProject
Project("{FAE04EC0-301F-11D3-BF4B-00C04F79EFBC}") = "SAE.EditFile", "SAE.EditFile\SAE.EditFile.csproj", "{44E579A4-0DFE-49B0-9B8D-796ED56F11F8}"
	ProjectSection(ProjectDependencies) = postProject
		{7C021FD2-B285-4BC2-8639-8F73ACEABC99} = {7C021FD2-B285-4BC2-8639-8F73ACEABC99}
	EndProjectSection
EndProject
Project("{FAE04EC0-301F-11D3-BF4B-00C04F79EFBC}") = "SAE.Reflector", "SAE.Reflector\SAE.Reflector.csproj", "{2102110F-B0F5-4E53-BDF0-5359D52D42D4}"
	ProjectSection(ProjectDependencies) = postProject
		{7C021FD2-B285-4BC2-8639-8F73ACEABC99} = {7C021FD2-B285-4BC2-8639-8F73ACEABC99}
	EndProjectSection
EndProject
Project("{FAE04EC0-301F-11D3-BF4B-00C04F79EFBC}") = "SimpleUtils", "SimpleUtils\SimpleUtils.csproj", "{1BD77379-9B94-4774-9834-99B1F2B7CD4F}"
EndProject
Project("{8BC9CEB8-8B4A-11D0-8D11-00A0C91BC942}") = "SimpleProfiler", "SimpleProfiler\SimpleProfiler.vcxproj", "{6B99EC5D-04B2-4586-943E-A00B8C5717F9}"
EndProject
Project("{FAE04EC0-301F-11D3-BF4B-00C04F79EFBC}") = "SimpleAssemblyExplorer.Core", "SimpleAssemblyExplorer.Core\SimpleAssemblyExplorer.Core.csproj", "{FAD7F221-442F-41CB-98F5-65225C38EE26}"
EndProject
Project("{FAE04EC0-301F-11D3-BF4B-00C04F79EFBC}") = "SAE.FileDisassembler", "SAE.FileDisassembler\SAE.FileDisassembler.csproj", "{B80E9AB1-987F-4187-B7B5-53AB1CE6E20D}"
	ProjectSection(ProjectDependencies) = postProject
		{7C021FD2-B285-4BC2-8639-8F73ACEABC99} = {7C021FD2-B285-4BC2-8639-8F73ACEABC99}
	EndProjectSection
EndProject
Project("{FAE04EC0-301F-11D3-BF4B-00C04F79EFBC}") = "Mono.Cecil", "Mono.Cecil\Mono.Cecil.csproj", "{D68133BD-1E63-496E-9EDE-4FBDBF77B486}"
EndProject
Project("{FAE04EC0-301F-11D3-BF4B-00C04F79EFBC}") = "TestProject", "TestProject\TestProject.csproj", "{730689F9-95BE-4B00-860D-CC7B535B84CE}"
EndProject
Project("{FAE04EC0-301F-11D3-BF4B-00C04F79EFBC}") = "TestSample", "TestSample\TestSample.csproj", "{7CE2D345-0494-4BC5-97B2-462D829130D5}"
EndProject
Project("{FAE04EC0-301F-11D3-BF4B-00C04F79EFBC}") = "SAE.MethodSearcher", "SAE.MethodSearcher\SAE.MethodSearcher.csproj", "{0259914E-525F-4A17-AC6B-B6CFEB419595}"
	ProjectSection(ProjectDependencies) = postProject
		{7C021FD2-B285-4BC2-8639-8F73ACEABC99} = {7C021FD2-B285-4BC2-8639-8F73ACEABC99}
	EndProjectSection
EndProject
Project("{FAE04EC0-301F-11D3-BF4B-00C04F79EFBC}") = "SAE.DeobfPluginSample", "SAE.DeobfPluginSample\SAE.DeobfPluginSample.csproj", "{544309E5-163B-45AB-BE22-39C934ED4D59}"
	ProjectSection(ProjectDependencies) = postProject
		{7C021FD2-B285-4BC2-8639-8F73ACEABC99} = {7C021FD2-B285-4BC2-8639-8F73ACEABC99}
	EndProjectSection
EndProject
Project("{FAE04EC0-301F-11D3-BF4B-00C04F79EFBC}") = "SAE.Deobf9RayHelper", "SAE.Deobf9RayHelper\SAE.Deobf9RayHelper.csproj", "{09A6870B-8D9B-4EE6-8588-C2932020490B}"
	ProjectSection(ProjectDependencies) = postProject
		{7C021FD2-B285-4BC2-8639-8F73ACEABC99} = {7C021FD2-B285-4BC2-8639-8F73ACEABC99}
	EndProjectSection
EndProject
Project("{FAE04EC0-301F-11D3-BF4B-00C04F79EFBC}") = "ICSharpCode.Decompiler", "ILSpy\ICSharpCode.Decompiler\ICSharpCode.Decompiler.csproj", "{984CC812-9470-4A13-AFF9-CC44068D666C}"
EndProject
Project("{FAE04EC0-301F-11D3-BF4B-00C04F79EFBC}") = "ICSharpCode.NRefactory", "ILSpy\NRefactory\ICSharpCode.NRefactory\ICSharpCode.NRefactory.csproj", "{3B2A5653-EC97-4001-BB9B-D90F1AF2C371}"
EndProject
Project("{FAE04EC0-301F-11D3-BF4B-00C04F79EFBC}") = "ICSharpCode.NRefactory.CSharp", "ILSpy\NRefactory\ICSharpCode.NRefactory.CSharp\ICSharpCode.NRefactory.CSharp.csproj", "{53DCA265-3C3C-42F9-B647-F72BA678122B}"
EndProject
Project("{FAE04EC0-301F-11D3-BF4B-00C04F79EFBC}") = "ILSpy.BamlDecompiler", "ILSpy\ILSpy.BamlDecompiler\ILSpy.BamlDecompiler.csproj", "{A6BAD2BA-76BA-461C-8B6D-418607591247}"
EndProject
Project("{FAE04EC0-301F-11D3-BF4B-00C04F79EFBC}") = "ICSharpCode.NRefactory.VB", "ILSpy\NRefactory\ICSharpCode.NRefactory.VB\ICSharpCode.NRefactory.VB.csproj", "{7B82B671-419F-45F4-B778-D9286F996EFA}"
EndProject
Project("{FAE04EC0-301F-11D3-BF4B-00C04F79EFBC}") = "SAE.de4dot", "SAE.de4dot\SAE.de4dot.csproj", "{FA541F84-9CBA-4E5A-AA3F-7D71F8CFD5A3}"
	ProjectSection(ProjectDependencies) = postProject
		{7C021FD2-B285-4BC2-8639-8F73ACEABC99} = {7C021FD2-B285-4BC2-8639-8F73ACEABC99}
	EndProjectSection
EndProject
Global
	GlobalSection(SolutionConfigurationPlatforms) = preSolution
		Debug|Any CPU = Debug|Any CPU
		Debug|x64 = Debug|x64
		Debug|x86 = Debug|x86
		Release|Any CPU = Release|Any CPU
		Release|x64 = Release|x64
		Release|x86 = Release|x86
	EndGlobalSection
	GlobalSection(ProjectConfigurationPlatforms) = postSolution
		{7C021FD2-B285-4BC2-8639-8F73ACEABC99}.Debug|Any CPU.ActiveCfg = Debug|Any CPU
		{7C021FD2-B285-4BC2-8639-8F73ACEABC99}.Debug|Any CPU.Build.0 = Debug|Any CPU
		{7C021FD2-B285-4BC2-8639-8F73ACEABC99}.Debug|x64.ActiveCfg = Debug|x64
		{7C021FD2-B285-4BC2-8639-8F73ACEABC99}.Debug|x64.Build.0 = Debug|x64
		{7C021FD2-B285-4BC2-8639-8F73ACEABC99}.Debug|x86.ActiveCfg = Debug|x86
		{7C021FD2-B285-4BC2-8639-8F73ACEABC99}.Debug|x86.Build.0 = Debug|x86
		{7C021FD2-B285-4BC2-8639-8F73ACEABC99}.Release|Any CPU.ActiveCfg = Release|Any CPU
		{7C021FD2-B285-4BC2-8639-8F73ACEABC99}.Release|Any CPU.Build.0 = Release|Any CPU
		{7C021FD2-B285-4BC2-8639-8F73ACEABC99}.Release|x64.ActiveCfg = Release|x64
		{7C021FD2-B285-4BC2-8639-8F73ACEABC99}.Release|x64.Build.0 = Release|x64
		{7C021FD2-B285-4BC2-8639-8F73ACEABC99}.Release|x86.ActiveCfg = Release|x86
		{7C021FD2-B285-4BC2-8639-8F73ACEABC99}.Release|x86.Build.0 = Release|x86
		{E6859AF5-5EB4-409E-9DBB-5B96F407B3A4}.Debug|Any CPU.ActiveCfg = Debug|Any CPU
		{E6859AF5-5EB4-409E-9DBB-5B96F407B3A4}.Debug|Any CPU.Build.0 = Debug|Any CPU
		{E6859AF5-5EB4-409E-9DBB-5B96F407B3A4}.Debug|x64.ActiveCfg = Debug|Any CPU
		{E6859AF5-5EB4-409E-9DBB-5B96F407B3A4}.Debug|x64.Build.0 = Debug|Any CPU
		{E6859AF5-5EB4-409E-9DBB-5B96F407B3A4}.Debug|x86.ActiveCfg = Debug|Any CPU
		{E6859AF5-5EB4-409E-9DBB-5B96F407B3A4}.Debug|x86.Build.0 = Debug|Any CPU
		{E6859AF5-5EB4-409E-9DBB-5B96F407B3A4}.Release|Any CPU.ActiveCfg = Release|Any CPU
		{E6859AF5-5EB4-409E-9DBB-5B96F407B3A4}.Release|Any CPU.Build.0 = Release|Any CPU
		{E6859AF5-5EB4-409E-9DBB-5B96F407B3A4}.Release|x64.ActiveCfg = Release|Any CPU
		{E6859AF5-5EB4-409E-9DBB-5B96F407B3A4}.Release|x64.Build.0 = Release|Any CPU
		{E6859AF5-5EB4-409E-9DBB-5B96F407B3A4}.Release|x86.ActiveCfg = Release|Any CPU
		{E6859AF5-5EB4-409E-9DBB-5B96F407B3A4}.Release|x86.Build.0 = Release|Any CPU
		{2ED84CD7-F858-4641-B0D2-9FD955DB0C64}.Debug|Any CPU.ActiveCfg = Debug|Any CPU
		{2ED84CD7-F858-4641-B0D2-9FD955DB0C64}.Debug|Any CPU.Build.0 = Debug|Any CPU
		{2ED84CD7-F858-4641-B0D2-9FD955DB0C64}.Debug|x64.ActiveCfg = Debug|Any CPU
		{2ED84CD7-F858-4641-B0D2-9FD955DB0C64}.Debug|x64.Build.0 = Debug|Any CPU
		{2ED84CD7-F858-4641-B0D2-9FD955DB0C64}.Debug|x86.ActiveCfg = Debug|Any CPU
		{2ED84CD7-F858-4641-B0D2-9FD955DB0C64}.Debug|x86.Build.0 = Debug|Any CPU
		{2ED84CD7-F858-4641-B0D2-9FD955DB0C64}.Release|Any CPU.ActiveCfg = Release|Any CPU
		{2ED84CD7-F858-4641-B0D2-9FD955DB0C64}.Release|Any CPU.Build.0 = Release|Any CPU
		{2ED84CD7-F858-4641-B0D2-9FD955DB0C64}.Release|x64.ActiveCfg = Release|Any CPU
		{2ED84CD7-F858-4641-B0D2-9FD955DB0C64}.Release|x64.Build.0 = Release|Any CPU
		{2ED84CD7-F858-4641-B0D2-9FD955DB0C64}.Release|x86.ActiveCfg = Release|Any CPU
		{2ED84CD7-F858-4641-B0D2-9FD955DB0C64}.Release|x86.Build.0 = Release|Any CPU
		{9F799B9E-3709-419E-9241-9A7922A7EA5D}.Debug|Any CPU.ActiveCfg = Debug|Any CPU
		{9F799B9E-3709-419E-9241-9A7922A7EA5D}.Debug|Any CPU.Build.0 = Debug|Any CPU
		{9F799B9E-3709-419E-9241-9A7922A7EA5D}.Debug|x64.ActiveCfg = Debug|Any CPU
		{9F799B9E-3709-419E-9241-9A7922A7EA5D}.Debug|x64.Build.0 = Debug|Any CPU
		{9F799B9E-3709-419E-9241-9A7922A7EA5D}.Debug|x86.ActiveCfg = Debug|Any CPU
		{9F799B9E-3709-419E-9241-9A7922A7EA5D}.Debug|x86.Build.0 = Debug|Any CPU
		{9F799B9E-3709-419E-9241-9A7922A7EA5D}.Release|Any CPU.ActiveCfg = Release|Any CPU
		{9F799B9E-3709-419E-9241-9A7922A7EA5D}.Release|Any CPU.Build.0 = Release|Any CPU
		{9F799B9E-3709-419E-9241-9A7922A7EA5D}.Release|x64.ActiveCfg = Release|Any CPU
		{9F799B9E-3709-419E-9241-9A7922A7EA5D}.Release|x64.Build.0 = Release|Any CPU
		{9F799B9E-3709-419E-9241-9A7922A7EA5D}.Release|x86.ActiveCfg = Release|Any CPU
		{9F799B9E-3709-419E-9241-9A7922A7EA5D}.Release|x86.Build.0 = Release|Any CPU
		{44E579A4-0DFE-49B0-9B8D-796ED56F11F8}.Debug|Any CPU.ActiveCfg = Debug|Any CPU
		{44E579A4-0DFE-49B0-9B8D-796ED56F11F8}.Debug|Any CPU.Build.0 = Debug|Any CPU
		{44E579A4-0DFE-49B0-9B8D-796ED56F11F8}.Debug|x64.ActiveCfg = Debug|Any CPU
		{44E579A4-0DFE-49B0-9B8D-796ED56F11F8}.Debug|x64.Build.0 = Debug|Any CPU
		{44E579A4-0DFE-49B0-9B8D-796ED56F11F8}.Debug|x86.ActiveCfg = Debug|Any CPU
		{44E579A4-0DFE-49B0-9B8D-796ED56F11F8}.Debug|x86.Build.0 = Debug|Any CPU
		{44E579A4-0DFE-49B0-9B8D-796ED56F11F8}.Release|Any CPU.ActiveCfg = Release|Any CPU
		{44E579A4-0DFE-49B0-9B8D-796ED56F11F8}.Release|Any CPU.Build.0 = Release|Any CPU
		{44E579A4-0DFE-49B0-9B8D-796ED56F11F8}.Release|x64.ActiveCfg = Release|Any CPU
		{44E579A4-0DFE-49B0-9B8D-796ED56F11F8}.Release|x64.Build.0 = Release|Any CPU
		{44E579A4-0DFE-49B0-9B8D-796ED56F11F8}.Release|x86.ActiveCfg = Release|Any CPU
		{44E579A4-0DFE-49B0-9B8D-796ED56F11F8}.Release|x86.Build.0 = Release|Any CPU
		{2102110F-B0F5-4E53-BDF0-5359D52D42D4}.Debug|Any CPU.ActiveCfg = Debug|Any CPU
		{2102110F-B0F5-4E53-BDF0-5359D52D42D4}.Debug|Any CPU.Build.0 = Debug|Any CPU
		{2102110F-B0F5-4E53-BDF0-5359D52D42D4}.Debug|x64.ActiveCfg = Debug|Any CPU
		{2102110F-B0F5-4E53-BDF0-5359D52D42D4}.Debug|x64.Build.0 = Debug|Any CPU
		{2102110F-B0F5-4E53-BDF0-5359D52D42D4}.Debug|x86.ActiveCfg = Debug|Any CPU
		{2102110F-B0F5-4E53-BDF0-5359D52D42D4}.Debug|x86.Build.0 = Debug|Any CPU
		{2102110F-B0F5-4E53-BDF0-5359D52D42D4}.Release|Any CPU.ActiveCfg = Release|Any CPU
		{2102110F-B0F5-4E53-BDF0-5359D52D42D4}.Release|Any CPU.Build.0 = Release|Any CPU
		{2102110F-B0F5-4E53-BDF0-5359D52D42D4}.Release|x64.ActiveCfg = Release|Any CPU
		{2102110F-B0F5-4E53-BDF0-5359D52D42D4}.Release|x64.Build.0 = Release|Any CPU
		{2102110F-B0F5-4E53-BDF0-5359D52D42D4}.Release|x86.ActiveCfg = Release|Any CPU
		{2102110F-B0F5-4E53-BDF0-5359D52D42D4}.Release|x86.Build.0 = Release|Any CPU
		{1BD77379-9B94-4774-9834-99B1F2B7CD4F}.Debug|Any CPU.ActiveCfg = Debug|Any CPU
		{1BD77379-9B94-4774-9834-99B1F2B7CD4F}.Debug|Any CPU.Build.0 = Debug|Any CPU
		{1BD77379-9B94-4774-9834-99B1F2B7CD4F}.Debug|x64.ActiveCfg = Debug|Any CPU
		{1BD77379-9B94-4774-9834-99B1F2B7CD4F}.Debug|x64.Build.0 = Debug|Any CPU
		{1BD77379-9B94-4774-9834-99B1F2B7CD4F}.Debug|x86.ActiveCfg = Debug|Any CPU
		{1BD77379-9B94-4774-9834-99B1F2B7CD4F}.Debug|x86.Build.0 = Debug|Any CPU
		{1BD77379-9B94-4774-9834-99B1F2B7CD4F}.Release|Any CPU.ActiveCfg = Release|Any CPU
		{1BD77379-9B94-4774-9834-99B1F2B7CD4F}.Release|Any CPU.Build.0 = Release|Any CPU
		{1BD77379-9B94-4774-9834-99B1F2B7CD4F}.Release|x64.ActiveCfg = Release|Any CPU
		{1BD77379-9B94-4774-9834-99B1F2B7CD4F}.Release|x64.Build.0 = Release|Any CPU
		{1BD77379-9B94-4774-9834-99B1F2B7CD4F}.Release|x86.ActiveCfg = Release|Any CPU
		{1BD77379-9B94-4774-9834-99B1F2B7CD4F}.Release|x86.Build.0 = Release|Any CPU
		{6B99EC5D-04B2-4586-943E-A00B8C5717F9}.Debug|Any CPU.ActiveCfg = Debug|Win32
		{6B99EC5D-04B2-4586-943E-A00B8C5717F9}.Debug|Any CPU.Build.0 = Debug|Win32
		{6B99EC5D-04B2-4586-943E-A00B8C5717F9}.Debug|x64.ActiveCfg = Debug|x64
		{6B99EC5D-04B2-4586-943E-A00B8C5717F9}.Debug|x64.Build.0 = Debug|x64
		{6B99EC5D-04B2-4586-943E-A00B8C5717F9}.Debug|x86.ActiveCfg = Debug|Win32
		{6B99EC5D-04B2-4586-943E-A00B8C5717F9}.Debug|x86.Build.0 = Debug|Win32
		{6B99EC5D-04B2-4586-943E-A00B8C5717F9}.Release|Any CPU.ActiveCfg = Release|Win32
		{6B99EC5D-04B2-4586-943E-A00B8C5717F9}.Release|Any CPU.Build.0 = Release|Win32
		{6B99EC5D-04B2-4586-943E-A00B8C5717F9}.Release|x64.ActiveCfg = Release|x64
		{6B99EC5D-04B2-4586-943E-A00B8C5717F9}.Release|x64.Build.0 = Release|x64
		{6B99EC5D-04B2-4586-943E-A00B8C5717F9}.Release|x86.ActiveCfg = Release|Win32
		{6B99EC5D-04B2-4586-943E-A00B8C5717F9}.Release|x86.Build.0 = Release|Win32
		{FAD7F221-442F-41CB-98F5-65225C38EE26}.Debug|Any CPU.ActiveCfg = Debug|Any CPU
		{FAD7F221-442F-41CB-98F5-65225C38EE26}.Debug|Any CPU.Build.0 = Debug|Any CPU
		{FAD7F221-442F-41CB-98F5-65225C38EE26}.Debug|x64.ActiveCfg = Debug|Any CPU
		{FAD7F221-442F-41CB-98F5-65225C38EE26}.Debug|x64.Build.0 = Debug|Any CPU
		{FAD7F221-442F-41CB-98F5-65225C38EE26}.Debug|x86.ActiveCfg = Debug|Any CPU
		{FAD7F221-442F-41CB-98F5-65225C38EE26}.Debug|x86.Build.0 = Debug|Any CPU
		{FAD7F221-442F-41CB-98F5-65225C38EE26}.Release|Any CPU.ActiveCfg = Release|Any CPU
		{FAD7F221-442F-41CB-98F5-65225C38EE26}.Release|Any CPU.Build.0 = Release|Any CPU
		{FAD7F221-442F-41CB-98F5-65225C38EE26}.Release|x64.ActiveCfg = Release|Any CPU
		{FAD7F221-442F-41CB-98F5-65225C38EE26}.Release|x64.Build.0 = Release|Any CPU
		{FAD7F221-442F-41CB-98F5-65225C38EE26}.Release|x86.ActiveCfg = Release|Any CPU
		{FAD7F221-442F-41CB-98F5-65225C38EE26}.Release|x86.Build.0 = Release|Any CPU
		{B80E9AB1-987F-4187-B7B5-53AB1CE6E20D}.Debug|Any CPU.ActiveCfg = Debug|Any CPU
		{B80E9AB1-987F-4187-B7B5-53AB1CE6E20D}.Debug|Any CPU.Build.0 = Debug|Any CPU
		{B80E9AB1-987F-4187-B7B5-53AB1CE6E20D}.Debug|x64.ActiveCfg = Debug|Any CPU
		{B80E9AB1-987F-4187-B7B5-53AB1CE6E20D}.Debug|x64.Build.0 = Debug|Any CPU
		{B80E9AB1-987F-4187-B7B5-53AB1CE6E20D}.Debug|x86.ActiveCfg = Debug|Any CPU
		{B80E9AB1-987F-4187-B7B5-53AB1CE6E20D}.Debug|x86.Build.0 = Debug|Any CPU
		{B80E9AB1-987F-4187-B7B5-53AB1CE6E20D}.Release|Any CPU.ActiveCfg = Release|Any CPU
		{B80E9AB1-987F-4187-B7B5-53AB1CE6E20D}.Release|Any CPU.Build.0 = Release|Any CPU
		{B80E9AB1-987F-4187-B7B5-53AB1CE6E20D}.Release|x64.ActiveCfg = Release|Any CPU
		{B80E9AB1-987F-4187-B7B5-53AB1CE6E20D}.Release|x64.Build.0 = Release|Any CPU
		{B80E9AB1-987F-4187-B7B5-53AB1CE6E20D}.Release|x86.ActiveCfg = Release|Any CPU
		{B80E9AB1-987F-4187-B7B5-53AB1CE6E20D}.Release|x86.Build.0 = Release|Any CPU
		{D68133BD-1E63-496E-9EDE-4FBDBF77B486}.Debug|Any CPU.ActiveCfg = Debug|Any CPU
		{D68133BD-1E63-496E-9EDE-4FBDBF77B486}.Debug|Any CPU.Build.0 = Debug|Any CPU
		{D68133BD-1E63-496E-9EDE-4FBDBF77B486}.Debug|x64.ActiveCfg = Debug|Any CPU
		{D68133BD-1E63-496E-9EDE-4FBDBF77B486}.Debug|x64.Build.0 = Debug|Any CPU
		{D68133BD-1E63-496E-9EDE-4FBDBF77B486}.Debug|x86.ActiveCfg = Debug|Any CPU
		{D68133BD-1E63-496E-9EDE-4FBDBF77B486}.Debug|x86.Build.0 = Debug|Any CPU
		{D68133BD-1E63-496E-9EDE-4FBDBF77B486}.Release|Any CPU.ActiveCfg = Release|Any CPU
		{D68133BD-1E63-496E-9EDE-4FBDBF77B486}.Release|Any CPU.Build.0 = Release|Any CPU
		{D68133BD-1E63-496E-9EDE-4FBDBF77B486}.Release|x64.ActiveCfg = Release|Any CPU
		{D68133BD-1E63-496E-9EDE-4FBDBF77B486}.Release|x64.Build.0 = Release|Any CPU
		{D68133BD-1E63-496E-9EDE-4FBDBF77B486}.Release|x86.ActiveCfg = Release|Any CPU
		{D68133BD-1E63-496E-9EDE-4FBDBF77B486}.Release|x86.Build.0 = Release|Any CPU
		{730689F9-95BE-4B00-860D-CC7B535B84CE}.Debug|Any CPU.ActiveCfg = Debug|Any CPU
		{730689F9-95BE-4B00-860D-CC7B535B84CE}.Debug|Any CPU.Build.0 = Debug|Any CPU
		{730689F9-95BE-4B00-860D-CC7B535B84CE}.Debug|x64.ActiveCfg = Debug|Any CPU
		{730689F9-95BE-4B00-860D-CC7B535B84CE}.Debug|x64.Build.0 = Debug|Any CPU
		{730689F9-95BE-4B00-860D-CC7B535B84CE}.Debug|x86.ActiveCfg = Debug|Any CPU
		{730689F9-95BE-4B00-860D-CC7B535B84CE}.Debug|x86.Build.0 = Debug|Any CPU
		{730689F9-95BE-4B00-860D-CC7B535B84CE}.Release|Any CPU.ActiveCfg = Release|Any CPU
		{730689F9-95BE-4B00-860D-CC7B535B84CE}.Release|Any CPU.Build.0 = Release|Any CPU
		{730689F9-95BE-4B00-860D-CC7B535B84CE}.Release|x64.ActiveCfg = Release|Any CPU
		{730689F9-95BE-4B00-860D-CC7B535B84CE}.Release|x64.Build.0 = Release|Any CPU
		{730689F9-95BE-4B00-860D-CC7B535B84CE}.Release|x86.ActiveCfg = Release|Any CPU
		{730689F9-95BE-4B00-860D-CC7B535B84CE}.Release|x86.Build.0 = Release|Any CPU
		{7CE2D345-0494-4BC5-97B2-462D829130D5}.Debug|Any CPU.ActiveCfg = Debug|Any CPU
		{7CE2D345-0494-4BC5-97B2-462D829130D5}.Debug|Any CPU.Build.0 = Debug|Any CPU
		{7CE2D345-0494-4BC5-97B2-462D829130D5}.Debug|x64.ActiveCfg = Debug|Any CPU
		{7CE2D345-0494-4BC5-97B2-462D829130D5}.Debug|x64.Build.0 = Debug|Any CPU
		{7CE2D345-0494-4BC5-97B2-462D829130D5}.Debug|x86.ActiveCfg = Debug|Any CPU
		{7CE2D345-0494-4BC5-97B2-462D829130D5}.Debug|x86.Build.0 = Debug|Any CPU
		{7CE2D345-0494-4BC5-97B2-462D829130D5}.Release|Any CPU.ActiveCfg = Release|Any CPU
		{7CE2D345-0494-4BC5-97B2-462D829130D5}.Release|Any CPU.Build.0 = Release|Any CPU
		{7CE2D345-0494-4BC5-97B2-462D829130D5}.Release|x64.ActiveCfg = Release|Any CPU
		{7CE2D345-0494-4BC5-97B2-462D829130D5}.Release|x64.Build.0 = Release|Any CPU
		{7CE2D345-0494-4BC5-97B2-462D829130D5}.Release|x86.ActiveCfg = Release|Any CPU
		{7CE2D345-0494-4BC5-97B2-462D829130D5}.Release|x86.Build.0 = Release|Any CPU
		{0259914E-525F-4A17-AC6B-B6CFEB419595}.Debug|Any CPU.ActiveCfg = Debug|Any CPU
		{0259914E-525F-4A17-AC6B-B6CFEB419595}.Debug|Any CPU.Build.0 = Debug|Any CPU
		{0259914E-525F-4A17-AC6B-B6CFEB419595}.Debug|x64.ActiveCfg = Debug|Any CPU
		{0259914E-525F-4A17-AC6B-B6CFEB419595}.Debug|x64.Build.0 = Debug|Any CPU
		{0259914E-525F-4A17-AC6B-B6CFEB419595}.Debug|x86.ActiveCfg = Debug|Any CPU
		{0259914E-525F-4A17-AC6B-B6CFEB419595}.Debug|x86.Build.0 = Debug|Any CPU
		{0259914E-525F-4A17-AC6B-B6CFEB419595}.Release|Any CPU.ActiveCfg = Release|Any CPU
		{0259914E-525F-4A17-AC6B-B6CFEB419595}.Release|Any CPU.Build.0 = Release|Any CPU
		{0259914E-525F-4A17-AC6B-B6CFEB419595}.Release|x64.ActiveCfg = Release|Any CPU
		{0259914E-525F-4A17-AC6B-B6CFEB419595}.Release|x64.Build.0 = Release|Any CPU
		{0259914E-525F-4A17-AC6B-B6CFEB419595}.Release|x86.ActiveCfg = Release|Any CPU
		{0259914E-525F-4A17-AC6B-B6CFEB419595}.Release|x86.Build.0 = Release|Any CPU
		{544309E5-163B-45AB-BE22-39C934ED4D59}.Debug|Any CPU.ActiveCfg = Debug|Any CPU
		{544309E5-163B-45AB-BE22-39C934ED4D59}.Debug|Any CPU.Build.0 = Debug|Any CPU
		{544309E5-163B-45AB-BE22-39C934ED4D59}.Debug|x64.ActiveCfg = Debug|Any CPU
		{544309E5-163B-45AB-BE22-39C934ED4D59}.Debug|x64.Build.0 = Debug|Any CPU
		{544309E5-163B-45AB-BE22-39C934ED4D59}.Debug|x86.ActiveCfg = Debug|Any CPU
		{544309E5-163B-45AB-BE22-39C934ED4D59}.Debug|x86.Build.0 = Debug|Any CPU
		{544309E5-163B-45AB-BE22-39C934ED4D59}.Release|Any CPU.ActiveCfg = Release|Any CPU
		{544309E5-163B-45AB-BE22-39C934ED4D59}.Release|Any CPU.Build.0 = Release|Any CPU
		{544309E5-163B-45AB-BE22-39C934ED4D59}.Release|x64.ActiveCfg = Release|Any CPU
		{544309E5-163B-45AB-BE22-39C934ED4D59}.Release|x64.Build.0 = Release|Any CPU
		{544309E5-163B-45AB-BE22-39C934ED4D59}.Release|x86.ActiveCfg = Release|Any CPU
		{544309E5-163B-45AB-BE22-39C934ED4D59}.Release|x86.Build.0 = Release|Any CPU
		{09A6870B-8D9B-4EE6-8588-C2932020490B}.Debug|Any CPU.ActiveCfg = Debug|Any CPU
		{09A6870B-8D9B-4EE6-8588-C2932020490B}.Debug|Any CPU.Build.0 = Debug|Any CPU
		{09A6870B-8D9B-4EE6-8588-C2932020490B}.Debug|x64.ActiveCfg = Debug|Any CPU
		{09A6870B-8D9B-4EE6-8588-C2932020490B}.Debug|x64.Build.0 = Debug|Any CPU
		{09A6870B-8D9B-4EE6-8588-C2932020490B}.Debug|x86.ActiveCfg = Debug|Any CPU
		{09A6870B-8D9B-4EE6-8588-C2932020490B}.Debug|x86.Build.0 = Debug|Any CPU
		{09A6870B-8D9B-4EE6-8588-C2932020490B}.Release|Any CPU.ActiveCfg = Release|Any CPU
		{09A6870B-8D9B-4EE6-8588-C2932020490B}.Release|Any CPU.Build.0 = Release|Any CPU
		{09A6870B-8D9B-4EE6-8588-C2932020490B}.Release|x64.ActiveCfg = Release|Any CPU
		{09A6870B-8D9B-4EE6-8588-C2932020490B}.Release|x64.Build.0 = Release|Any CPU
		{09A6870B-8D9B-4EE6-8588-C2932020490B}.Release|x86.ActiveCfg = Release|Any CPU
		{09A6870B-8D9B-4EE6-8588-C2932020490B}.Release|x86.Build.0 = Release|Any CPU
		{984CC812-9470-4A13-AFF9-CC44068D666C}.Debug|Any CPU.ActiveCfg = Debug|Any CPU
		{984CC812-9470-4A13-AFF9-CC44068D666C}.Debug|Any CPU.Build.0 = Debug|Any CPU
		{984CC812-9470-4A13-AFF9-CC44068D666C}.Debug|x64.ActiveCfg = Debug|Any CPU
		{984CC812-9470-4A13-AFF9-CC44068D666C}.Debug|x64.Build.0 = Debug|Any CPU
		{984CC812-9470-4A13-AFF9-CC44068D666C}.Debug|x86.ActiveCfg = Debug|Any CPU
		{984CC812-9470-4A13-AFF9-CC44068D666C}.Debug|x86.Build.0 = Debug|Any CPU
		{984CC812-9470-4A13-AFF9-CC44068D666C}.Release|Any CPU.ActiveCfg = Release|Any CPU
		{984CC812-9470-4A13-AFF9-CC44068D666C}.Release|Any CPU.Build.0 = Release|Any CPU
		{984CC812-9470-4A13-AFF9-CC44068D666C}.Release|x64.ActiveCfg = Release|Any CPU
		{984CC812-9470-4A13-AFF9-CC44068D666C}.Release|x64.Build.0 = Release|Any CPU
		{984CC812-9470-4A13-AFF9-CC44068D666C}.Release|x86.ActiveCfg = Release|Any CPU
		{984CC812-9470-4A13-AFF9-CC44068D666C}.Release|x86.Build.0 = Release|Any CPU
		{3B2A5653-EC97-4001-BB9B-D90F1AF2C371}.Debug|Any CPU.ActiveCfg = Debug|Any CPU
		{3B2A5653-EC97-4001-BB9B-D90F1AF2C371}.Debug|Any CPU.Build.0 = Debug|Any CPU
		{3B2A5653-EC97-4001-BB9B-D90F1AF2C371}.Debug|x64.ActiveCfg = Debug|Any CPU
		{3B2A5653-EC97-4001-BB9B-D90F1AF2C371}.Debug|x64.Build.0 = Debug|Any CPU
		{3B2A5653-EC97-4001-BB9B-D90F1AF2C371}.Debug|x86.ActiveCfg = Debug|Any CPU
		{3B2A5653-EC97-4001-BB9B-D90F1AF2C371}.Debug|x86.Build.0 = Debug|Any CPU
		{3B2A5653-EC97-4001-BB9B-D90F1AF2C371}.Release|Any CPU.ActiveCfg = Release|Any CPU
		{3B2A5653-EC97-4001-BB9B-D90F1AF2C371}.Release|Any CPU.Build.0 = Release|Any CPU
		{3B2A5653-EC97-4001-BB9B-D90F1AF2C371}.Release|x64.ActiveCfg = Release|Any CPU
		{3B2A5653-EC97-4001-BB9B-D90F1AF2C371}.Release|x64.Build.0 = Release|Any CPU
		{3B2A5653-EC97-4001-BB9B-D90F1AF2C371}.Release|x86.ActiveCfg = Release|Any CPU
		{3B2A5653-EC97-4001-BB9B-D90F1AF2C371}.Release|x86.Build.0 = Release|Any CPU
		{53DCA265-3C3C-42F9-B647-F72BA678122B}.Debug|Any CPU.ActiveCfg = Debug|Any CPU
		{53DCA265-3C3C-42F9-B647-F72BA678122B}.Debug|Any CPU.Build.0 = Debug|Any CPU
		{53DCA265-3C3C-42F9-B647-F72BA678122B}.Debug|x64.ActiveCfg = Debug|Any CPU
		{53DCA265-3C3C-42F9-B647-F72BA678122B}.Debug|x64.Build.0 = Debug|Any CPU
		{53DCA265-3C3C-42F9-B647-F72BA678122B}.Debug|x86.ActiveCfg = Debug|Any CPU
		{53DCA265-3C3C-42F9-B647-F72BA678122B}.Debug|x86.Build.0 = Debug|Any CPU
		{53DCA265-3C3C-42F9-B647-F72BA678122B}.Release|Any CPU.ActiveCfg = Release|Any CPU
		{53DCA265-3C3C-42F9-B647-F72BA678122B}.Release|Any CPU.Build.0 = Release|Any CPU
		{53DCA265-3C3C-42F9-B647-F72BA678122B}.Release|x64.ActiveCfg = Release|Any CPU
		{53DCA265-3C3C-42F9-B647-F72BA678122B}.Release|x64.Build.0 = Release|Any CPU
		{53DCA265-3C3C-42F9-B647-F72BA678122B}.Release|x86.ActiveCfg = Release|Any CPU
		{53DCA265-3C3C-42F9-B647-F72BA678122B}.Release|x86.Build.0 = Release|Any CPU
		{A6BAD2BA-76BA-461C-8B6D-418607591247}.Debug|Any CPU.ActiveCfg = Debug|Any CPU
		{A6BAD2BA-76BA-461C-8B6D-418607591247}.Debug|Any CPU.Build.0 = Debug|Any CPU
		{A6BAD2BA-76BA-461C-8B6D-418607591247}.Debug|x64.ActiveCfg = Debug|Any CPU
		{A6BAD2BA-76BA-461C-8B6D-418607591247}.Debug|x64.Build.0 = Debug|Any CPU
		{A6BAD2BA-76BA-461C-8B6D-418607591247}.Debug|x86.ActiveCfg = Debug|Any CPU
		{A6BAD2BA-76BA-461C-8B6D-418607591247}.Debug|x86.Build.0 = Debug|Any CPU
		{A6BAD2BA-76BA-461C-8B6D-418607591247}.Release|Any CPU.ActiveCfg = Release|Any CPU
		{A6BAD2BA-76BA-461C-8B6D-418607591247}.Release|Any CPU.Build.0 = Release|Any CPU
		{A6BAD2BA-76BA-461C-8B6D-418607591247}.Release|x64.ActiveCfg = Release|Any CPU
		{A6BAD2BA-76BA-461C-8B6D-418607591247}.Release|x64.Build.0 = Release|Any CPU
		{A6BAD2BA-76BA-461C-8B6D-418607591247}.Release|x86.ActiveCfg = Release|Any CPU
		{A6BAD2BA-76BA-461C-8B6D-418607591247}.Release|x86.Build.0 = Release|Any CPU
		{7B82B671-419F-45F4-B778-D9286F996EFA}.Debug|Any CPU.ActiveCfg = Debug|Any CPU
		{7B82B671-419F-45F4-B778-D9286F996EFA}.Debug|Any CPU.Build.0 = Debug|Any CPU
		{7B82B671-419F-45F4-B778-D9286F996EFA}.Debug|x64.ActiveCfg = Debug|Any CPU
		{7B82B671-419F-45F4-B778-D9286F996EFA}.Debug|x64.Build.0 = Debug|Any CPU
		{7B82B671-419F-45F4-B778-D9286F996EFA}.Debug|x86.ActiveCfg = Debug|Any CPU
		{7B82B671-419F-45F4-B778-D9286F996EFA}.Debug|x86.Build.0 = Debug|Any CPU
		{7B82B671-419F-45F4-B778-D9286F996EFA}.Release|Any CPU.ActiveCfg = Release|Any CPU
		{7B82B671-419F-45F4-B778-D9286F996EFA}.Release|Any CPU.Build.0 = Release|Any CPU
		{7B82B671-419F-45F4-B778-D9286F996EFA}.Release|x64.ActiveCfg = Release|Any CPU
		{7B82B671-419F-45F4-B778-D9286F996EFA}.Release|x64.Build.0 = Release|Any CPU
		{7B82B671-419F-45F4-B778-D9286F996EFA}.Release|x86.ActiveCfg = Release|Any CPU
		{7B82B671-419F-45F4-B778-D9286F996EFA}.Release|x86.Build.0 = Release|Any CPU
		{FA541F84-9CBA-4E5A-AA3F-7D71F8CFD5A3}.Debug|Any CPU.ActiveCfg = Debug|Any CPU
		{FA541F84-9CBA-4E5A-AA3F-7D71F8CFD5A3}.Debug|Any CPU.Build.0 = Debug|Any CPU
		{FA541F84-9CBA-4E5A-AA3F-7D71F8CFD5A3}.Debug|x64.ActiveCfg = Debug|Any CPU
		{FA541F84-9CBA-4E5A-AA3F-7D71F8CFD5A3}.Debug|x64.Build.0 = Debug|Any CPU
		{FA541F84-9CBA-4E5A-AA3F-7D71F8CFD5A3}.Debug|x86.ActiveCfg = Debug|Any CPU
		{FA541F84-9CBA-4E5A-AA3F-7D71F8CFD5A3}.Debug|x86.Build.0 = Debug|Any CPU
		{FA541F84-9CBA-4E5A-AA3F-7D71F8CFD5A3}.Release|Any CPU.ActiveCfg = Release|Any CPU
		{FA541F84-9CBA-4E5A-AA3F-7D71F8CFD5A3}.Release|Any CPU.Build.0 = Release|Any CPU
		{FA541F84-9CBA-4E5A-AA3F-7D71F8CFD5A3}.Release|x64.ActiveCfg = Release|Any CPU
		{FA541F84-9CBA-4E5A-AA3F-7D71F8CFD5A3}.Release|x64.Build.0 = Release|Any CPU
		{FA541F84-9CBA-4E5A-AA3F-7D71F8CFD5A3}.Release|x86.ActiveCfg = Release|Any CPU
		{FA541F84-9CBA-4E5A-AA3F-7D71F8CFD5A3}.Release|x86.Build.0 = Release|Any CPU
	EndGlobalSection
	GlobalSection(SolutionProperties) = preSolution
		HideSolutionNode = FALSE
	EndGlobalSection
	GlobalSection(TestCaseManagementSettings) = postSolution
		CategoryFile = SimpleAssemblyExplorer.vsmdi
	EndGlobalSection
EndGlobal
